
Microsoft Visual Studio Solution File, Format Version 12.00
# Visual Studio Version 17
VisualStudioVersion = 17.0.31903.59
MinimumVisualStudioVersion = 10.0.40219.1
Project("{2150E333-8FDC-42A3-9474-1A3956D46DE8}") = "01-web", "01-web", "{8AC5FC56-703B-4B1C-A5EE-B34703B0F069}"
EndProject
Project("{2150E333-8FDC-42A3-9474-1A3956D46DE8}") = "02-application", "02-application", "{194A006D-DB47-44C4-8DD2-E394D2F1719C}"
EndProject
Project("{2150E333-8FDC-42A3-9474-1A3956D46DE8}") = "03-infra", "03-infra", "{D1F2A632-AFA7-4B86-BFC5-F6A1F2EBE421}"
EndProject
Project("{2150E333-8FDC-42A3-9474-1A3956D46DE8}") = "04-domain", "04-domain", "{2387A07E-8A91-498B-97AD-6273C1B1A9C9}"
EndProject
Project("{FAE04EC0-301F-11D3-BF4B-00C04F79EFBC}") = "BikeStore.Web", "src\BikeStore.Web\BikeStore.Web.csproj", "{B63336A9-11BA-47B0-BF28-9B68755D8D60}"
EndProject
Project("{FAE04EC0-301F-11D3-BF4B-00C04F79EFBC}") = "BikeStore.Application", "src\BikeStore.Application\BikeStore.Application.csproj", "{979D49D8-CB2E-4046-8001-08CACB6FA613}"
EndProject
Project("{FAE04EC0-301F-11D3-BF4B-00C04F79EFBC}") = "BikeStore.Infra", "src\BikeStore.infra\BikeStore.Infra.csproj", "{174DA30B-9C0E-4D76-9ECF-92866AB7250E}"
EndProject
Project("{FAE04EC0-301F-11D3-BF4B-00C04F79EFBC}") = "BikeStore.Domain", "src\BikeStore.Domain\BikeStore.Domain.csproj", "{9B7AEC1E-944F-441E-88F0-F6ED33DB9F93}"
EndProject
Global
	GlobalSection(SolutionConfigurationPlatforms) = preSolution
		Debug|Any CPU = Debug|Any CPU
		Release|Any CPU = Release|Any CPU
	EndGlobalSection
	GlobalSection(SolutionProperties) = preSolution
		HideSolutionNode = FALSE
	EndGlobalSection
	GlobalSection(NestedProjects) = preSolution
		{B63336A9-11BA-47B0-BF28-9B68755D8D60} = {8AC5FC56-703B-4B1C-A5EE-B34703B0F069}
		{979D49D8-CB2E-4046-8001-08CACB6FA613} = {194A006D-DB47-44C4-8DD2-E394D2F1719C}
		{174DA30B-9C0E-4D76-9ECF-92866AB7250E} = {D1F2A632-AFA7-4B86-BFC5-F6A1F2EBE421}
		{9B7AEC1E-944F-441E-88F0-F6ED33DB9F93} = {2387A07E-8A91-498B-97AD-6273C1B1A9C9}
	EndGlobalSection
	GlobalSection(ProjectConfigurationPlatforms) = postSolution
		{B63336A9-11BA-47B0-BF28-9B68755D8D60}.Debug|Any CPU.ActiveCfg = Debug|Any CPU
		{B63336A9-11BA-47B0-BF28-9B68755D8D60}.Debug|Any CPU.Build.0 = Debug|Any CPU
		{B63336A9-11BA-47B0-BF28-9B68755D8D60}.Release|Any CPU.ActiveCfg = Release|Any CPU
		{B63336A9-11BA-47B0-BF28-9B68755D8D60}.Release|Any CPU.Build.0 = Release|Any CPU
		{979D49D8-CB2E-4046-8001-08CACB6FA613}.Debug|Any CPU.ActiveCfg = Debug|Any CPU
		{979D49D8-CB2E-4046-8001-08CACB6FA613}.Debug|Any CPU.Build.0 = Debug|Any CPU
		{979D49D8-CB2E-4046-8001-08CACB6FA613}.Release|Any CPU.ActiveCfg = Release|Any CPU
		{979D49D8-CB2E-4046-8001-08CACB6FA613}.Release|Any CPU.Build.0 = Release|Any CPU
		{174DA30B-9C0E-4D76-9ECF-92866AB7250E}.Debug|Any CPU.ActiveCfg = Debug|Any CPU
		{174DA30B-9C0E-4D76-9ECF-92866AB7250E}.Debug|Any CPU.Build.0 = Debug|Any CPU
		{174DA30B-9C0E-4D76-9ECF-92866AB7250E}.Release|Any CPU.ActiveCfg = Release|Any CPU
		{174DA30B-9C0E-4D76-9ECF-92866AB7250E}.Release|Any CPU.Build.0 = Release|Any CPU
		{9B7AEC1E-944F-441E-88F0-F6ED33DB9F93}.Debug|Any CPU.ActiveCfg = Debug|Any CPU
		{9B7AEC1E-944F-441E-88F0-F6ED33DB9F93}.Debug|Any CPU.Build.0 = Debug|Any CPU
		{9B7AEC1E-944F-441E-88F0-F6ED33DB9F93}.Release|Any CPU.ActiveCfg = Release|Any CPU
		{9B7AEC1E-944F-441E-88F0-F6ED33DB9F93}.Release|Any CPU.Build.0 = Release|Any CPU
	EndGlobalSection
EndGlobal
