
Microsoft Visual Studio Solution File, Format Version 12.00
# Visual Studio Version 17
VisualStudioVersion = 17.0.31903.59
MinimumVisualStudioVersion = 10.0.40219.1
Project("{2150E333-8FDC-42A3-9474-1A3956D46DE8}") = "Web", "Web", "{14072FEB-1E27-48A6-892E-BCEBEDAC1054}"
EndProject
Project("{2150E333-8FDC-42A3-9474-1A3956D46DE8}") = "Application", "Application", "{A5995886-5867-4CF1-BBB8-9258748764C3}"
EndProject
Project("{2150E333-8FDC-42A3-9474-1A3956D46DE8}") = "Domain", "Domain", "{FCE3240D-0E9C-4624-BD41-E5FCE572D077}"
EndProject
Project("{2150E333-8FDC-42A3-9474-1A3956D46DE8}") = "Infra", "Infra", "{F4FA42CA-EB5F-4270-AC5F-863FFACE1E89}"
EndProject
Project("{FAE04EC0-301F-11D3-BF4B-00C04F79EFBC}") = "BikeStore.Web", "src\BikeStore.Web\BikeStore.Web.csproj", "{D6886748-A4DF-4A40-B18B-4519A3A72EAC}"
EndProject
Global
	GlobalSection(SolutionConfigurationPlatforms) = preSolution
		Debug|Any CPU = Debug|Any CPU
		Release|Any CPU = Release|Any CPU
	EndGlobalSection
	GlobalSection(SolutionProperties) = preSolution
		HideSolutionNode = FALSE
	EndGlobalSection
	GlobalSection(NestedProjects) = preSolution
		{D6886748-A4DF-4A40-B18B-4519A3A72EAC} = {14072FEB-1E27-48A6-892E-BCEBEDAC1054}
	EndGlobalSection
	GlobalSection(ProjectConfigurationPlatforms) = postSolution
		{D6886748-A4DF-4A40-B18B-4519A3A72EAC}.Debug|Any CPU.ActiveCfg = Debug|Any CPU
		{D6886748-A4DF-4A40-B18B-4519A3A72EAC}.Debug|Any CPU.Build.0 = Debug|Any CPU
		{D6886748-A4DF-4A40-B18B-4519A3A72EAC}.Release|Any CPU.ActiveCfg = Release|Any CPU
		{D6886748-A4DF-4A40-B18B-4519A3A72EAC}.Release|Any CPU.Build.0 = Release|Any CPU
	EndGlobalSection
EndGlobal
