
Microsoft Visual Studio Solution File, Format Version 12.00
# Visual Studio Version 17
VisualStudioVersion = 17.0.31903.59
MinimumVisualStudioVersion = 10.0.40219.1
Project("{2150E333-8FDC-42A3-9474-1A3956D46DE8}") = "Web", "Web", "{14072FEB-1E27-48A6-892E-BCEBEDAC1054}"
EndProject
Project("{FAE04EC0-301F-11D3-BF4B-00C04F79EFBC}") = "BikeStore.Web", "src\BikeStore.Web\BikeStore.Web.csproj", "{899547D4-3B1D-461A-94EF-D818F4BD256D}"
EndProject
Project("{2150E333-8FDC-42A3-9474-1A3956D46DE8}") = "Application", "Application", "{A5995886-5867-4CF1-BBB8-9258748764C3}"
EndProject
Project("{2150E333-8FDC-42A3-9474-1A3956D46DE8}") = "Domain", "Domain", "{FCE3240D-0E9C-4624-BD41-E5FCE572D077}"
EndProject
Project("{2150E333-8FDC-42A3-9474-1A3956D46DE8}") = "Infra", "Infra", "{F4FA42CA-EB5F-4270-AC5F-863FFACE1E89}"
EndProject
Project("{FAE04EC0-301F-11D3-BF4B-00C04F79EFBC}") = "BikeStore.Application", "BikeStore.Application\BikeStore.Application.csproj", "{F358CB37-0FFC-4BD5-A02C-3081C81BC6EF}"
EndProject
Project("{FAE04EC0-301F-11D3-BF4B-00C04F79EFBC}") = "BikeStore.Domain", "BikeStore.Domain\BikeStore.Domain.csproj", "{DE2BA291-9F4C-418B-8E72-3873DAE0427F}"
EndProject
Project("{FAE04EC0-301F-11D3-BF4B-00C04F79EFBC}") = "BikeStore.Infrastructure", "BikeStore.Infrastructure\BikeStore.Infrastructure.csproj", "{DF71501F-72BB-48FD-A864-65795A695715}"
EndProject
Global
	GlobalSection(SolutionConfigurationPlatforms) = preSolution
		Debug|Any CPU = Debug|Any CPU
		Release|Any CPU = Release|Any CPU
	EndGlobalSection
	GlobalSection(SolutionProperties) = preSolution
		HideSolutionNode = FALSE
	EndGlobalSection
	GlobalSection(NestedProjects) = preSolution
		{899547D4-3B1D-461A-94EF-D818F4BD256D} = {14072FEB-1E27-48A6-892E-BCEBEDAC1054}
		{F358CB37-0FFC-4BD5-A02C-3081C81BC6EF} = {A5995886-5867-4CF1-BBB8-9258748764C3}
		{DE2BA291-9F4C-418B-8E72-3873DAE0427F} = {FCE3240D-0E9C-4624-BD41-E5FCE572D077}
		{DF71501F-72BB-48FD-A864-65795A695715} = {F4FA42CA-EB5F-4270-AC5F-863FFACE1E89}
	EndGlobalSection
	GlobalSection(ProjectConfigurationPlatforms) = postSolution
		{899547D4-3B1D-461A-94EF-D818F4BD256D}.Debug|Any CPU.ActiveCfg = Debug|Any CPU
		{899547D4-3B1D-461A-94EF-D818F4BD256D}.Debug|Any CPU.Build.0 = Debug|Any CPU
		{899547D4-3B1D-461A-94EF-D818F4BD256D}.Release|Any CPU.ActiveCfg = Release|Any CPU
		{899547D4-3B1D-461A-94EF-D818F4BD256D}.Release|Any CPU.Build.0 = Release|Any CPU
		{F358CB37-0FFC-4BD5-A02C-3081C81BC6EF}.Debug|Any CPU.ActiveCfg = Debug|Any CPU
		{F358CB37-0FFC-4BD5-A02C-3081C81BC6EF}.Debug|Any CPU.Build.0 = Debug|Any CPU
		{F358CB37-0FFC-4BD5-A02C-3081C81BC6EF}.Release|Any CPU.ActiveCfg = Release|Any CPU
		{F358CB37-0FFC-4BD5-A02C-3081C81BC6EF}.Release|Any CPU.Build.0 = Release|Any CPU
		{DE2BA291-9F4C-418B-8E72-3873DAE0427F}.Debug|Any CPU.ActiveCfg = Debug|Any CPU
		{DE2BA291-9F4C-418B-8E72-3873DAE0427F}.Debug|Any CPU.Build.0 = Debug|Any CPU
		{DE2BA291-9F4C-418B-8E72-3873DAE0427F}.Release|Any CPU.ActiveCfg = Release|Any CPU
		{DE2BA291-9F4C-418B-8E72-3873DAE0427F}.Release|Any CPU.Build.0 = Release|Any CPU
		{DF71501F-72BB-48FD-A864-65795A695715}.Debug|Any CPU.ActiveCfg = Debug|Any CPU
		{DF71501F-72BB-48FD-A864-65795A695715}.Debug|Any CPU.Build.0 = Debug|Any CPU
		{DF71501F-72BB-48FD-A864-65795A695715}.Release|Any CPU.ActiveCfg = Release|Any CPU
		{DF71501F-72BB-48FD-A864-65795A695715}.Release|Any CPU.Build.0 = Release|Any CPU
	EndGlobalSection
EndGlobal
